
Microsoft Visual Studio Solution File, Format Version 12.00
# Visual Studio Version 17
VisualStudioVersion = 17.10.35013.160
MinimumVisualStudioVersion = 10.0.40219.1
Project("{FAE04EC0-301F-11D3-BF4B-00C04F79EFBC}") = "Db_Connect", "Db_Connect.csproj", "{DB9EC778-B05E-40C3-A0A7-B41E13880EE3}"
EndProject
Global
	GlobalSection(SolutionConfigurationPlatforms) = preSolution
		Debug|Any CPU = Debug|Any CPU
		Release|Any CPU = Release|Any CPU
	EndGlobalSection
	GlobalSection(ProjectConfigurationPlatforms) = postSolution
		{DB9EC778-B05E-40C3-A0A7-B41E13880EE3}.Debug|Any CPU.ActiveCfg = Debug|Any CPU
		{DB9EC778-B05E-40C3-A0A7-B41E13880EE3}.Debug|Any CPU.Build.0 = Debug|Any CPU
		{DB9EC778-B05E-40C3-A0A7-B41E13880EE3}.Release|Any CPU.ActiveCfg = Release|Any CPU
		{DB9EC778-B05E-40C3-A0A7-B41E13880EE3}.Release|Any CPU.Build.0 = Release|Any CPU
	EndGlobalSection
	GlobalSection(SolutionProperties) = preSolution
		HideSolutionNode = FALSE
	EndGlobalSection
	GlobalSection(ExtensibilityGlobals) = postSolution
		SolutionGuid = {CC53D010-4431-4A06-BDC0-350F2C896ACD}
	EndGlobalSection
EndGlobal
